// !$*UTF8*$!
{
	archiveVersion = 1;
	classes = {
	};
	objectVersion = 50;
	objects = {

/* Begin PBXBuildFile section */
		DA02F89E24894D5F0087E274 /* Strings.swift in Sources */ = {isa = PBXBuildFile; fileRef = DA02F89D24894D5F0087E274 /* Strings.swift */; };
		DA02F8A72489665B0087E274 /* spaceship.wav in Resources */ = {isa = PBXBuildFile; fileRef = DA02F8A02489665B0087E274 /* spaceship.wav */; };
		DA02F8A82489665B0087E274 /* bell.wav in Resources */ = {isa = PBXBuildFile; fileRef = DA02F8A12489665B0087E274 /* bell.wav */; };
		DA02F8AA2489665B0087E274 /* jazzy.wav in Resources */ = {isa = PBXBuildFile; fileRef = DA02F8A32489665B0087E274 /* jazzy.wav */; };
		DA02F8AB2489665B0087E274 /* cymbal.wav in Resources */ = {isa = PBXBuildFile; fileRef = DA02F8A42489665B0087E274 /* cymbal.wav */; };
		DA02F8AC2489665B0087E274 /* notification.wav in Resources */ = {isa = PBXBuildFile; fileRef = DA02F8A52489665B0087E274 /* notification.wav */; };
		DA02F8AD2489665B0087E274 /* opening.wav in Resources */ = {isa = PBXBuildFile; fileRef = DA02F8A62489665B0087E274 /* opening.wav */; };
		DA02F8AF248A94400087E274 /* m_Interval.swift in Sources */ = {isa = PBXBuildFile; fileRef = DA02F8AE248A94400087E274 /* m_Interval.swift */; };
		DA02F8B1248A956C0087E274 /* IntervalsManager.swift in Sources */ = {isa = PBXBuildFile; fileRef = DA02F8B0248A956C0087E274 /* IntervalsManager.swift */; };
		DA02F8B3248BCC8F0087E274 /* NotificationsManager.swift in Sources */ = {isa = PBXBuildFile; fileRef = DA02F8B2248BCC8F0087E274 /* NotificationsManager.swift */; };
		DA02F8B5248BDAB70087E274 /* TimerManager.swift in Sources */ = {isa = PBXBuildFile; fileRef = DA02F8B4248BDAB70087E274 /* TimerManager.swift */; };
		DA02F8B7248BDF3D0087E274 /* TimerCoordinator.swift in Sources */ = {isa = PBXBuildFile; fileRef = DA02F8B6248BDF3D0087E274 /* TimerCoordinator.swift */; };
		DA57E1EE2497B5DD00248AD9 /* MenuView.swift in Sources */ = {isa = PBXBuildFile; fileRef = DA57E1ED2497B5DD00248AD9 /* MenuView.swift */; };
		DA57E1F02497B69D00248AD9 /* MenuTableViewCell.swift in Sources */ = {isa = PBXBuildFile; fileRef = DA57E1EF2497B69D00248AD9 /* MenuTableViewCell.swift */; };
		DA57E1F22497B93300248AD9 /* SoundColorSettingsView.swift in Sources */ = {isa = PBXBuildFile; fileRef = DA57E1F12497B93300248AD9 /* SoundColorSettingsView.swift */; };
		DA57E1F42497B97900248AD9 /* LabelButtonView.swift in Sources */ = {isa = PBXBuildFile; fileRef = DA57E1F32497B97900248AD9 /* LabelButtonView.swift */; };
		DA57E1FE249BB66500248AD9 /* extension Int.swift in Sources */ = {isa = PBXBuildFile; fileRef = DA57E1FD249BB66500248AD9 /* extension Int.swift */; };
		DA57E200249BB8F100248AD9 /* BadgesViewController.swift in Sources */ = {isa = PBXBuildFile; fileRef = DA57E1FF249BB8F100248AD9 /* BadgesViewController.swift */; };
		DA57E202249BBC4100248AD9 /* BadgesCoordinator.swift in Sources */ = {isa = PBXBuildFile; fileRef = DA57E201249BBC4100248AD9 /* BadgesCoordinator.swift */; };
		DA57E204249BC54400248AD9 /* BadgeCollectionViewCell.swift in Sources */ = {isa = PBXBuildFile; fileRef = DA57E203249BC54400248AD9 /* BadgeCollectionViewCell.swift */; };
		DA57E206249BC6CA00248AD9 /* BadgesCollectionReusableView.swift in Sources */ = {isa = PBXBuildFile; fileRef = DA57E205249BC6CA00248AD9 /* BadgesCollectionReusableView.swift */; };
		DA57E208249BC88F00248AD9 /* BadgeView.swift in Sources */ = {isa = PBXBuildFile; fileRef = DA57E207249BC88F00248AD9 /* BadgeView.swift */; };
		DA57E20A249C957800248AD9 /* m_Badge.swift in Sources */ = {isa = PBXBuildFile; fileRef = DA57E209249C957800248AD9 /* m_Badge.swift */; };
		DA77DB3F243EFEDD00B0B8A1 /* AppDelegate.swift in Sources */ = {isa = PBXBuildFile; fileRef = DA77DB3E243EFEDD00B0B8A1 /* AppDelegate.swift */; };
		DA77DB48243EFEE000B0B8A1 /* Assets.xcassets in Resources */ = {isa = PBXBuildFile; fileRef = DA77DB47243EFEE000B0B8A1 /* Assets.xcassets */; };
		DA77DB4B243EFEE000B0B8A1 /* LaunchScreen.storyboard in Resources */ = {isa = PBXBuildFile; fileRef = DA77DB49243EFEE000B0B8A1 /* LaunchScreen.storyboard */; };
		DA77DB53243EFF7500B0B8A1 /* MainViewController.swift in Sources */ = {isa = PBXBuildFile; fileRef = DA77DB52243EFF7500B0B8A1 /* MainViewController.swift */; };
		DA7DE963243F39CE00407C5C /* extension UIView.swift in Sources */ = {isa = PBXBuildFile; fileRef = DA7DE962243F39CE00407C5C /* extension UIView.swift */; };
		DA7DE96924409B6800407C5C /* TimerCounterView.swift in Sources */ = {isa = PBXBuildFile; fileRef = DA7DE96824409B6800407C5C /* TimerCounterView.swift */; };
		DA7DE96D2440A7CC00407C5C /* AnonymousPro-Bold.ttf in Resources */ = {isa = PBXBuildFile; fileRef = DA7DE96C2440A7CC00407C5C /* AnonymousPro-Bold.ttf */; };
		DA7DE96F2440A7F700407C5C /* Fonts.swift in Sources */ = {isa = PBXBuildFile; fileRef = DA7DE96E2440A7F700407C5C /* Fonts.swift */; };
		DA7DE9712440C1EC00407C5C /* Colors.swift in Sources */ = {isa = PBXBuildFile; fileRef = DA7DE9702440C1EC00407C5C /* Colors.swift */; };
		DA7DE9772440E19900407C5C /* SourceCodePro-Black.ttf in Resources */ = {isa = PBXBuildFile; fileRef = DA7DE9762440E19900407C5C /* SourceCodePro-Black.ttf */; };
		DA7DE9792440FFB000407C5C /* RoundButton.swift in Sources */ = {isa = PBXBuildFile; fileRef = DA7DE9782440FFB000407C5C /* RoundButton.swift */; };
		DA7DE97B2441A67F00407C5C /* extension Date.swift in Sources */ = {isa = PBXBuildFile; fileRef = DA7DE97A2441A67F00407C5C /* extension Date.swift */; };
		DA7DE97D2441ED6900407C5C /* SettingsViewController.swift in Sources */ = {isa = PBXBuildFile; fileRef = DA7DE97C2441ED6900407C5C /* SettingsViewController.swift */; };
		DA7DE99F2444474400407C5C /* StepperUnitView.swift in Sources */ = {isa = PBXBuildFile; fileRef = DA7DE99E2444474400407C5C /* StepperUnitView.swift */; };
		DA7DE9A22444775300407C5C /* protocol SizeAnimatable.swift in Sources */ = {isa = PBXBuildFile; fileRef = DA7DE9A12444775300407C5C /* protocol SizeAnimatable.swift */; };
		DA7DE9A424447A5E00407C5C /* LabelStepperView.swift in Sources */ = {isa = PBXBuildFile; fileRef = DA7DE9A324447A5E00407C5C /* LabelStepperView.swift */; };
		DA7DE9A724448BD400407C5C /* Montserrat-SemiBold.ttf in Resources */ = {isa = PBXBuildFile; fileRef = DA7DE9A524448BD400407C5C /* Montserrat-SemiBold.ttf */; };
		DA7DE9A824448BD400407C5C /* Montserrat-Bold.ttf in Resources */ = {isa = PBXBuildFile; fileRef = DA7DE9A624448BD400407C5C /* Montserrat-Bold.ttf */; };
		DA7DE9AA24448DA200407C5C /* MainTabBarController.swift in Sources */ = {isa = PBXBuildFile; fileRef = DA7DE9A924448DA200407C5C /* MainTabBarController.swift */; };
		DA7DE9AC2444953E00407C5C /* BaseSettingsView.swift in Sources */ = {isa = PBXBuildFile; fileRef = DA7DE9AB2444953E00407C5C /* BaseSettingsView.swift */; };
		DA7DE9AE2444A2FD00407C5C /* LabelSwitchView.swift in Sources */ = {isa = PBXBuildFile; fileRef = DA7DE9AD2444A2FD00407C5C /* LabelSwitchView.swift */; };
		DA7DE9B32445F1FE00407C5C /* ScheduleUnitView.swift in Sources */ = {isa = PBXBuildFile; fileRef = DA7DE9B22445F1FE00407C5C /* ScheduleUnitView.swift */; };
		DA7DE9B72445F8E300407C5C /* BaseSettings.swift in Sources */ = {isa = PBXBuildFile; fileRef = DA7DE9B62445F8E300407C5C /* BaseSettings.swift */; };
		DA7DE9B924470BBA00407C5C /* SoundColorSettings.swift in Sources */ = {isa = PBXBuildFile; fileRef = DA7DE9B824470BBA00407C5C /* SoundColorSettings.swift */; };
		DA7DE9BD24474BD600407C5C /* Localizable.strings in Resources */ = {isa = PBXBuildFile; fileRef = DA7DE9BF24474BD600407C5C /* Localizable.strings */; };
		DA7DE9C22447563400407C5C /* extension String.swift in Sources */ = {isa = PBXBuildFile; fileRef = DA7DE9C12447563400407C5C /* extension String.swift */; };
		DA87219C249F512500547425 /* HistoryCoordinator.swift in Sources */ = {isa = PBXBuildFile; fileRef = DA87219B249F512500547425 /* HistoryCoordinator.swift */; };
		DA87219E249F516300547425 /* HistoryViewController.swift in Sources */ = {isa = PBXBuildFile; fileRef = DA87219D249F516300547425 /* HistoryViewController.swift */; };
		DA8721A0249FB7BE00547425 /* HistoryTableViewCell.swift in Sources */ = {isa = PBXBuildFile; fileRef = DA87219F249FB7BE00547425 /* HistoryTableViewCell.swift */; };
		DA8721A2249FC50F00547425 /* HistoryHeaderView.swift in Sources */ = {isa = PBXBuildFile; fileRef = DA8721A1249FC50F00547425 /* HistoryHeaderView.swift */; };
		DA8721A4249FD3EC00547425 /* TasksViewController.swift in Sources */ = {isa = PBXBuildFile; fileRef = DA8721A3249FD3EC00547425 /* TasksViewController.swift */; };
		DA8721A724A1094100547425 /* m_Task.swift in Sources */ = {isa = PBXBuildFile; fileRef = DA8721A624A1094100547425 /* m_Task.swift */; };
		DA8721A924A1191200547425 /* p_KeyboardHandler.swift in Sources */ = {isa = PBXBuildFile; fileRef = DA8721A824A1191200547425 /* p_KeyboardHandler.swift */; };
		DA8721AB24A2191500547425 /* extension UITextField.swift in Sources */ = {isa = PBXBuildFile; fileRef = DA8721AA24A2191500547425 /* extension UITextField.swift */; };
		DA8721AD24A219CC00547425 /* extension UIViewController.swift in Sources */ = {isa = PBXBuildFile; fileRef = DA8721AC24A219CC00547425 /* extension UIViewController.swift */; };
		DABCA61324488BC500682368 /* extension Calendar.swift in Sources */ = {isa = PBXBuildFile; fileRef = DABCA61224488BC500682368 /* extension Calendar.swift */; };
		DABCA61524488D1400682368 /* WeekDayPickerView.swift in Sources */ = {isa = PBXBuildFile; fileRef = DABCA61424488D1400682368 /* WeekDayPickerView.swift */; };
		DAC7023024ABB90E0039D6C8 /* HealthKit.framework in Frameworks */ = {isa = PBXBuildFile; fileRef = DAC7022F24ABB90E0039D6C8 /* HealthKit.framework */; };
		DAC7023424ABBE940039D6C8 /* CMService.swift in Sources */ = {isa = PBXBuildFile; fileRef = DAC7023324ABBE940039D6C8 /* CMService.swift */; };
		DAC7023D24AC876F0039D6C8 /* InfoPlist.strings in Resources */ = {isa = PBXBuildFile; fileRef = DAC7023F24AC876F0039D6C8 /* InfoPlist.strings */; };
		DAC7024224B0DBCE0039D6C8 /* PolicyContactView.swift in Sources */ = {isa = PBXBuildFile; fileRef = DAC7024124B0DBCE0039D6C8 /* PolicyContactView.swift */; };
		DAC7024C24B0E1B50039D6C8 /* PolicyViewController.swift in Sources */ = {isa = PBXBuildFile; fileRef = DAC7024B24B0E1B50039D6C8 /* PolicyViewController.swift */; };
/* End PBXBuildFile section */

/* Begin PBXFileReference section */
		DA02F89D24894D5F0087E274 /* Strings.swift */ = {isa = PBXFileReference; lastKnownFileType = sourcecode.swift; path = Strings.swift; sourceTree = "<group>"; };
		DA02F8A02489665B0087E274 /* spaceship.wav */ = {isa = PBXFileReference; lastKnownFileType = audio.wav; path = spaceship.wav; sourceTree = "<group>"; };
		DA02F8A12489665B0087E274 /* bell.wav */ = {isa = PBXFileReference; lastKnownFileType = audio.wav; path = bell.wav; sourceTree = "<group>"; };
		DA02F8A32489665B0087E274 /* jazzy.wav */ = {isa = PBXFileReference; lastKnownFileType = audio.wav; path = jazzy.wav; sourceTree = "<group>"; };
		DA02F8A42489665B0087E274 /* cymbal.wav */ = {isa = PBXFileReference; lastKnownFileType = audio.wav; path = cymbal.wav; sourceTree = "<group>"; };
		DA02F8A52489665B0087E274 /* notification.wav */ = {isa = PBXFileReference; lastKnownFileType = audio.wav; path = notification.wav; sourceTree = "<group>"; };
		DA02F8A62489665B0087E274 /* opening.wav */ = {isa = PBXFileReference; lastKnownFileType = audio.wav; path = opening.wav; sourceTree = "<group>"; };
		DA02F8AE248A94400087E274 /* m_Interval.swift */ = {isa = PBXFileReference; lastKnownFileType = sourcecode.swift; path = m_Interval.swift; sourceTree = "<group>"; };
		DA02F8B0248A956C0087E274 /* IntervalsManager.swift */ = {isa = PBXFileReference; lastKnownFileType = sourcecode.swift; path = IntervalsManager.swift; sourceTree = "<group>"; };
		DA02F8B2248BCC8F0087E274 /* NotificationsManager.swift */ = {isa = PBXFileReference; lastKnownFileType = sourcecode.swift; path = NotificationsManager.swift; sourceTree = "<group>"; };
		DA02F8B4248BDAB70087E274 /* TimerManager.swift */ = {isa = PBXFileReference; lastKnownFileType = sourcecode.swift; path = TimerManager.swift; sourceTree = "<group>"; };
		DA02F8B6248BDF3D0087E274 /* TimerCoordinator.swift */ = {isa = PBXFileReference; lastKnownFileType = sourcecode.swift; path = TimerCoordinator.swift; sourceTree = "<group>"; };
		DA57E1ED2497B5DD00248AD9 /* MenuView.swift */ = {isa = PBXFileReference; lastKnownFileType = sourcecode.swift; path = MenuView.swift; sourceTree = "<group>"; };
		DA57E1EF2497B69D00248AD9 /* MenuTableViewCell.swift */ = {isa = PBXFileReference; lastKnownFileType = sourcecode.swift; path = MenuTableViewCell.swift; sourceTree = "<group>"; };
		DA57E1F12497B93300248AD9 /* SoundColorSettingsView.swift */ = {isa = PBXFileReference; lastKnownFileType = sourcecode.swift; path = SoundColorSettingsView.swift; sourceTree = "<group>"; };
		DA57E1F32497B97900248AD9 /* LabelButtonView.swift */ = {isa = PBXFileReference; lastKnownFileType = sourcecode.swift; path = LabelButtonView.swift; sourceTree = "<group>"; };
		DA57E1FD249BB66500248AD9 /* extension Int.swift */ = {isa = PBXFileReference; lastKnownFileType = sourcecode.swift; path = "extension Int.swift"; sourceTree = "<group>"; };
		DA57E1FF249BB8F100248AD9 /* BadgesViewController.swift */ = {isa = PBXFileReference; lastKnownFileType = sourcecode.swift; path = BadgesViewController.swift; sourceTree = "<group>"; };
		DA57E201249BBC4100248AD9 /* BadgesCoordinator.swift */ = {isa = PBXFileReference; lastKnownFileType = sourcecode.swift; path = BadgesCoordinator.swift; sourceTree = "<group>"; };
		DA57E203249BC54400248AD9 /* BadgeCollectionViewCell.swift */ = {isa = PBXFileReference; lastKnownFileType = sourcecode.swift; path = BadgeCollectionViewCell.swift; sourceTree = "<group>"; };
		DA57E205249BC6CA00248AD9 /* BadgesCollectionReusableView.swift */ = {isa = PBXFileReference; lastKnownFileType = sourcecode.swift; path = BadgesCollectionReusableView.swift; sourceTree = "<group>"; };
		DA57E207249BC88F00248AD9 /* BadgeView.swift */ = {isa = PBXFileReference; lastKnownFileType = sourcecode.swift; path = BadgeView.swift; sourceTree = "<group>"; };
		DA57E209249C957800248AD9 /* m_Badge.swift */ = {isa = PBXFileReference; lastKnownFileType = sourcecode.swift; path = m_Badge.swift; sourceTree = "<group>"; };
		DA77DB3B243EFEDD00B0B8A1 /* PomoWalk.app */ = {isa = PBXFileReference; explicitFileType = wrapper.application; includeInIndex = 0; path = PomoWalk.app; sourceTree = BUILT_PRODUCTS_DIR; };
		DA77DB3E243EFEDD00B0B8A1 /* AppDelegate.swift */ = {isa = PBXFileReference; lastKnownFileType = sourcecode.swift; path = AppDelegate.swift; sourceTree = "<group>"; };
		DA77DB47243EFEE000B0B8A1 /* Assets.xcassets */ = {isa = PBXFileReference; lastKnownFileType = folder.assetcatalog; path = Assets.xcassets; sourceTree = "<group>"; };
		DA77DB4A243EFEE000B0B8A1 /* Base */ = {isa = PBXFileReference; lastKnownFileType = file.storyboard; name = Base; path = Base.lproj/LaunchScreen.storyboard; sourceTree = "<group>"; };
		DA77DB4C243EFEE000B0B8A1 /* Info.plist */ = {isa = PBXFileReference; lastKnownFileType = text.plist.xml; path = Info.plist; sourceTree = "<group>"; };
		DA77DB52243EFF7500B0B8A1 /* MainViewController.swift */ = {isa = PBXFileReference; lastKnownFileType = sourcecode.swift; path = MainViewController.swift; sourceTree = "<group>"; };
		DA7DE962243F39CE00407C5C /* extension UIView.swift */ = {isa = PBXFileReference; fileEncoding = 4; lastKnownFileType = sourcecode.swift; path = "extension UIView.swift"; sourceTree = "<group>"; };
		DA7DE96824409B6800407C5C /* TimerCounterView.swift */ = {isa = PBXFileReference; lastKnownFileType = sourcecode.swift; path = TimerCounterView.swift; sourceTree = "<group>"; };
		DA7DE96C2440A7CC00407C5C /* AnonymousPro-Bold.ttf */ = {isa = PBXFileReference; lastKnownFileType = file; path = "AnonymousPro-Bold.ttf"; sourceTree = "<group>"; };
		DA7DE96E2440A7F700407C5C /* Fonts.swift */ = {isa = PBXFileReference; lastKnownFileType = sourcecode.swift; path = Fonts.swift; sourceTree = "<group>"; };
		DA7DE9702440C1EC00407C5C /* Colors.swift */ = {isa = PBXFileReference; lastKnownFileType = sourcecode.swift; path = Colors.swift; sourceTree = "<group>"; };
		DA7DE9762440E19900407C5C /* SourceCodePro-Black.ttf */ = {isa = PBXFileReference; lastKnownFileType = file; path = "SourceCodePro-Black.ttf"; sourceTree = "<group>"; };
		DA7DE9782440FFB000407C5C /* RoundButton.swift */ = {isa = PBXFileReference; lastKnownFileType = sourcecode.swift; path = RoundButton.swift; sourceTree = "<group>"; };
		DA7DE97A2441A67F00407C5C /* extension Date.swift */ = {isa = PBXFileReference; lastKnownFileType = sourcecode.swift; path = "extension Date.swift"; sourceTree = "<group>"; };
		DA7DE97C2441ED6900407C5C /* SettingsViewController.swift */ = {isa = PBXFileReference; lastKnownFileType = sourcecode.swift; path = SettingsViewController.swift; sourceTree = "<group>"; };
		DA7DE99E2444474400407C5C /* StepperUnitView.swift */ = {isa = PBXFileReference; lastKnownFileType = sourcecode.swift; path = StepperUnitView.swift; sourceTree = "<group>"; };
		DA7DE9A12444775300407C5C /* protocol SizeAnimatable.swift */ = {isa = PBXFileReference; lastKnownFileType = sourcecode.swift; path = "protocol SizeAnimatable.swift"; sourceTree = "<group>"; };
		DA7DE9A324447A5E00407C5C /* LabelStepperView.swift */ = {isa = PBXFileReference; lastKnownFileType = sourcecode.swift; path = LabelStepperView.swift; sourceTree = "<group>"; };
		DA7DE9A524448BD400407C5C /* Montserrat-SemiBold.ttf */ = {isa = PBXFileReference; lastKnownFileType = file; path = "Montserrat-SemiBold.ttf"; sourceTree = "<group>"; };
		DA7DE9A624448BD400407C5C /* Montserrat-Bold.ttf */ = {isa = PBXFileReference; lastKnownFileType = file; path = "Montserrat-Bold.ttf"; sourceTree = "<group>"; };
		DA7DE9A924448DA200407C5C /* MainTabBarController.swift */ = {isa = PBXFileReference; lastKnownFileType = sourcecode.swift; path = MainTabBarController.swift; sourceTree = "<group>"; };
		DA7DE9AB2444953E00407C5C /* BaseSettingsView.swift */ = {isa = PBXFileReference; lastKnownFileType = sourcecode.swift; path = BaseSettingsView.swift; sourceTree = "<group>"; };
		DA7DE9AD2444A2FD00407C5C /* LabelSwitchView.swift */ = {isa = PBXFileReference; lastKnownFileType = sourcecode.swift; path = LabelSwitchView.swift; sourceTree = "<group>"; };
		DA7DE9B22445F1FE00407C5C /* ScheduleUnitView.swift */ = {isa = PBXFileReference; lastKnownFileType = sourcecode.swift; path = ScheduleUnitView.swift; sourceTree = "<group>"; };
		DA7DE9B62445F8E300407C5C /* BaseSettings.swift */ = {isa = PBXFileReference; lastKnownFileType = sourcecode.swift; path = BaseSettings.swift; sourceTree = "<group>"; };
		DA7DE9B824470BBA00407C5C /* SoundColorSettings.swift */ = {isa = PBXFileReference; lastKnownFileType = sourcecode.swift; path = SoundColorSettings.swift; sourceTree = "<group>"; };
		DA7DE9BA24474B7300407C5C /* ru */ = {isa = PBXFileReference; lastKnownFileType = text.plist.strings; name = ru; path = ru.lproj/LaunchScreen.strings; sourceTree = "<group>"; };
		DA7DE9BE24474BD600407C5C /* en */ = {isa = PBXFileReference; lastKnownFileType = text.plist.strings; name = en; path = en.lproj/Localizable.strings; sourceTree = "<group>"; };
		DA7DE9C024474BD800407C5C /* ru */ = {isa = PBXFileReference; lastKnownFileType = text.plist.strings; name = ru; path = ru.lproj/Localizable.strings; sourceTree = "<group>"; };
		DA7DE9C12447563400407C5C /* extension String.swift */ = {isa = PBXFileReference; lastKnownFileType = sourcecode.swift; path = "extension String.swift"; sourceTree = "<group>"; };
		DA87219B249F512500547425 /* HistoryCoordinator.swift */ = {isa = PBXFileReference; lastKnownFileType = sourcecode.swift; path = HistoryCoordinator.swift; sourceTree = "<group>"; };
		DA87219D249F516300547425 /* HistoryViewController.swift */ = {isa = PBXFileReference; lastKnownFileType = sourcecode.swift; path = HistoryViewController.swift; sourceTree = "<group>"; };
		DA87219F249FB7BE00547425 /* HistoryTableViewCell.swift */ = {isa = PBXFileReference; lastKnownFileType = sourcecode.swift; path = HistoryTableViewCell.swift; sourceTree = "<group>"; };
		DA8721A1249FC50F00547425 /* HistoryHeaderView.swift */ = {isa = PBXFileReference; lastKnownFileType = sourcecode.swift; path = HistoryHeaderView.swift; sourceTree = "<group>"; };
		DA8721A3249FD3EC00547425 /* TasksViewController.swift */ = {isa = PBXFileReference; lastKnownFileType = sourcecode.swift; path = TasksViewController.swift; sourceTree = "<group>"; };
		DA8721A624A1094100547425 /* m_Task.swift */ = {isa = PBXFileReference; lastKnownFileType = sourcecode.swift; path = m_Task.swift; sourceTree = "<group>"; };
		DA8721A824A1191200547425 /* p_KeyboardHandler.swift */ = {isa = PBXFileReference; lastKnownFileType = sourcecode.swift; path = p_KeyboardHandler.swift; sourceTree = "<group>"; };
		DA8721AA24A2191500547425 /* extension UITextField.swift */ = {isa = PBXFileReference; lastKnownFileType = sourcecode.swift; path = "extension UITextField.swift"; sourceTree = "<group>"; };
		DA8721AC24A219CC00547425 /* extension UIViewController.swift */ = {isa = PBXFileReference; lastKnownFileType = sourcecode.swift; path = "extension UIViewController.swift"; sourceTree = "<group>"; };
		DABCA61224488BC500682368 /* extension Calendar.swift */ = {isa = PBXFileReference; lastKnownFileType = sourcecode.swift; path = "extension Calendar.swift"; sourceTree = "<group>"; };
		DABCA61424488D1400682368 /* WeekDayPickerView.swift */ = {isa = PBXFileReference; lastKnownFileType = sourcecode.swift; path = WeekDayPickerView.swift; sourceTree = "<group>"; };
		DAC7022F24ABB90E0039D6C8 /* HealthKit.framework */ = {isa = PBXFileReference; lastKnownFileType = wrapper.framework; name = HealthKit.framework; path = System/Library/Frameworks/HealthKit.framework; sourceTree = SDKROOT; };
		DAC7023324ABBE940039D6C8 /* CMService.swift */ = {isa = PBXFileReference; lastKnownFileType = sourcecode.swift; path = CMService.swift; sourceTree = "<group>"; };
		DAC7023E24AC876F0039D6C8 /* en */ = {isa = PBXFileReference; lastKnownFileType = text.plist.strings; name = en; path = en.lproj/InfoPlist.strings; sourceTree = "<group>"; };
		DAC7024024AC87730039D6C8 /* ru */ = {isa = PBXFileReference; lastKnownFileType = text.plist.strings; name = ru; path = ru.lproj/InfoPlist.strings; sourceTree = "<group>"; };
		DAC7024124B0DBCE0039D6C8 /* PolicyContactView.swift */ = {isa = PBXFileReference; lastKnownFileType = sourcecode.swift; path = PolicyContactView.swift; sourceTree = "<group>"; };
		DAC7024B24B0E1B50039D6C8 /* PolicyViewController.swift */ = {isa = PBXFileReference; lastKnownFileType = sourcecode.swift; path = PolicyViewController.swift; sourceTree = "<group>"; };
/* End PBXFileReference section */

/* Begin PBXFrameworksBuildPhase section */
		DA77DB38243EFEDD00B0B8A1 /* Frameworks */ = {
			isa = PBXFrameworksBuildPhase;
			buildActionMask = 2147483647;
			files = (
				DAC7023024ABB90E0039D6C8 /* HealthKit.framework in Frameworks */,
			);
			runOnlyForDeploymentPostprocessing = 0;
		};
/* End PBXFrameworksBuildPhase section */

/* Begin PBXGroup section */
		DA02F89F2489665B0087E274 /* Sounds */ = {
			isa = PBXGroup;
			children = (
				DA02F8A12489665B0087E274 /* bell.wav */,
				DA02F8A32489665B0087E274 /* jazzy.wav */,
				DA02F8A42489665B0087E274 /* cymbal.wav */,
				DA02F8A52489665B0087E274 /* notification.wav */,
				DA02F8A62489665B0087E274 /* opening.wav */,
				DA02F8A02489665B0087E274 /* spaceship.wav */,
			);
			path = Sounds;
			sourceTree = "<group>";
		};
		DA57E1F5249BAFCB00248AD9 /* UserDefaults */ = {
			isa = PBXGroup;
			children = (
				DA7DE9B62445F8E300407C5C /* BaseSettings.swift */,
				DA7DE9B824470BBA00407C5C /* SoundColorSettings.swift */,
			);
			path = UserDefaults;
			sourceTree = "<group>";
		};
		DA57E1F6249BAFE500248AD9 /* Subviews */ = {
			isa = PBXGroup;
			children = (
				DA7DE9AB2444953E00407C5C /* BaseSettingsView.swift */,
				DA57E1F12497B93300248AD9 /* SoundColorSettingsView.swift */,
				DAC7024124B0DBCE0039D6C8 /* PolicyContactView.swift */,
				DAC7024B24B0E1B50039D6C8 /* PolicyViewController.swift */,
				DA57E1F7249BAFEE00248AD9 /* Base views */,
				DA57E1F9249BB05000248AD9 /* Menu */,
				DA57E1F8249BB01A00248AD9 /* Not used */,
			);
			path = Subviews;
			sourceTree = "<group>";
		};
		DA57E1F7249BAFEE00248AD9 /* Base views */ = {
			isa = PBXGroup;
			children = (
				DA7DE99E2444474400407C5C /* StepperUnitView.swift */,
				DA7DE9A324447A5E00407C5C /* LabelStepperView.swift */,
				DA7DE9AD2444A2FD00407C5C /* LabelSwitchView.swift */,
				DA57E1F32497B97900248AD9 /* LabelButtonView.swift */,
			);
			path = "Base views";
			sourceTree = "<group>";
		};
		DA57E1F8249BB01A00248AD9 /* Not used */ = {
			isa = PBXGroup;
			children = (
				DABCA61424488D1400682368 /* WeekDayPickerView.swift */,
				DA7DE9B22445F1FE00407C5C /* ScheduleUnitView.swift */,
			);
			path = "Not used";
			sourceTree = "<group>";
		};
		DA57E1F9249BB05000248AD9 /* Menu */ = {
			isa = PBXGroup;
			children = (
				DA57E1ED2497B5DD00248AD9 /* MenuView.swift */,
				DA57E1EF2497B69D00248AD9 /* MenuTableViewCell.swift */,
			);
			path = Menu;
			sourceTree = "<group>";
		};
		DA57E1FA249BB5F800248AD9 /* Achievements */ = {
			isa = PBXGroup;
			children = (
				DA57E201249BBC4100248AD9 /* BadgesCoordinator.swift */,
				DA57E1FF249BB8F100248AD9 /* BadgesViewController.swift */,
				DA57E203249BC54400248AD9 /* BadgeCollectionViewCell.swift */,
				DA57E207249BC88F00248AD9 /* BadgeView.swift */,
				DA57E205249BC6CA00248AD9 /* BadgesCollectionReusableView.swift */,
			);
			path = Achievements;
			sourceTree = "<group>";
		};
		DA77DB32243EFEDD00B0B8A1 = {
			isa = PBXGroup;
			children = (
				DA77DB3D243EFEDD00B0B8A1 /* PomoWalk */,
				DA77DB3C243EFEDD00B0B8A1 /* Products */,
				DAC7022E24ABB90E0039D6C8 /* Frameworks */,
			);
			sourceTree = "<group>";
		};
		DA77DB3C243EFEDD00B0B8A1 /* Products */ = {
			isa = PBXGroup;
			children = (
				DA77DB3B243EFEDD00B0B8A1 /* PomoWalk.app */,
			);
			name = Products;
			sourceTree = "<group>";
		};
		DA77DB3D243EFEDD00B0B8A1 /* PomoWalk */ = {
			isa = PBXGroup;
			children = (
				DA77DB3E243EFEDD00B0B8A1 /* AppDelegate.swift */,
				DA8721A824A1191200547425 /* p_KeyboardHandler.swift */,
				DA7DE9A924448DA200407C5C /* MainTabBarController.swift */,
				DA7DE9AF2444ABBB00407C5C /* Main */,
				DA87219A249F50F800547425 /* History */,
				DA57E1FA249BB5F800248AD9 /* Achievements */,
				DA7DE9802441F9BE00407C5C /* Settings */,
				DA7DE9782440FFB000407C5C /* RoundButton.swift */,
				DA8721A524A1093000547425 /* Model */,
				DA02F8B0248A956C0087E274 /* IntervalsManager.swift */,
				DA02F8B2248BCC8F0087E274 /* NotificationsManager.swift */,
				DAC7023324ABBE940039D6C8 /* CMService.swift */,
				DA7DE9A02444772E00407C5C /* Extensions */,
				DA77DB47243EFEE000B0B8A1 /* Assets.xcassets */,
				DA02F89F2489665B0087E274 /* Sounds */,
				DA77DB49243EFEE000B0B8A1 /* LaunchScreen.storyboard */,
				DA77DB4C243EFEE000B0B8A1 /* Info.plist */,
				DAC7023F24AC876F0039D6C8 /* InfoPlist.strings */,
				DA7DE9732440C20800407C5C /* Design */,
				DA02F89D24894D5F0087E274 /* Strings.swift */,
				DA7DE9BF24474BD600407C5C /* Localizable.strings */,
			);
			path = PomoWalk;
			sourceTree = "<group>";
		};
		DA7DE9722440C1FB00407C5C /* Fonts */ = {
			isa = PBXGroup;
			children = (
				DA7DE96E2440A7F700407C5C /* Fonts.swift */,
				DA7DE9A624448BD400407C5C /* Montserrat-Bold.ttf */,
				DA7DE9A524448BD400407C5C /* Montserrat-SemiBold.ttf */,
				DA7DE9762440E19900407C5C /* SourceCodePro-Black.ttf */,
				DA7DE96C2440A7CC00407C5C /* AnonymousPro-Bold.ttf */,
			);
			path = Fonts;
			sourceTree = "<group>";
		};
		DA7DE9732440C20800407C5C /* Design */ = {
			isa = PBXGroup;
			children = (
				DA7DE9702440C1EC00407C5C /* Colors.swift */,
				DA7DE9722440C1FB00407C5C /* Fonts */,
			);
			path = Design;
			sourceTree = "<group>";
		};
		DA7DE9802441F9BE00407C5C /* Settings */ = {
			isa = PBXGroup;
			children = (
				DA57E1F5249BAFCB00248AD9 /* UserDefaults */,
				DA7DE97C2441ED6900407C5C /* SettingsViewController.swift */,
				DA57E1F6249BAFE500248AD9 /* Subviews */,
			);
			path = Settings;
			sourceTree = "<group>";
		};
		DA7DE9A02444772E00407C5C /* Extensions */ = {
			isa = PBXGroup;
			children = (
				DA7DE962243F39CE00407C5C /* extension UIView.swift */,
				DA8721AC24A219CC00547425 /* extension UIViewController.swift */,
				DA8721AA24A2191500547425 /* extension UITextField.swift */,
				DA57E1FD249BB66500248AD9 /* extension Int.swift */,
				DA7DE97A2441A67F00407C5C /* extension Date.swift */,
				DA7DE9C12447563400407C5C /* extension String.swift */,
				DA7DE9A12444775300407C5C /* protocol SizeAnimatable.swift */,
				DABCA61224488BC500682368 /* extension Calendar.swift */,
			);
			path = Extensions;
			sourceTree = "<group>";
		};
		DA7DE9AF2444ABBB00407C5C /* Main */ = {
			isa = PBXGroup;
			children = (
				DA02F8B6248BDF3D0087E274 /* TimerCoordinator.swift */,
				DA77DB52243EFF7500B0B8A1 /* MainViewController.swift */,
				DA02F8B4248BDAB70087E274 /* TimerManager.swift */,
				DA7DE96824409B6800407C5C /* TimerCounterView.swift */,
				DA8721A3249FD3EC00547425 /* TasksViewController.swift */,
			);
			path = Main;
			sourceTree = "<group>";
		};
		DA87219A249F50F800547425 /* History */ = {
			isa = PBXGroup;
			children = (
				DA87219B249F512500547425 /* HistoryCoordinator.swift */,
				DA87219D249F516300547425 /* HistoryViewController.swift */,
				DA8721A1249FC50F00547425 /* HistoryHeaderView.swift */,
				DA87219F249FB7BE00547425 /* HistoryTableViewCell.swift */,
			);
			path = History;
			sourceTree = "<group>";
		};
		DA8721A524A1093000547425 /* Model */ = {
			isa = PBXGroup;
			children = (
				DA02F8AE248A94400087E274 /* m_Interval.swift */,
				DA57E209249C957800248AD9 /* m_Badge.swift */,
				DA8721A624A1094100547425 /* m_Task.swift */,
			);
			path = Model;
			sourceTree = "<group>";
		};
		DAC7022E24ABB90E0039D6C8 /* Frameworks */ = {
			isa = PBXGroup;
			children = (
				DAC7022F24ABB90E0039D6C8 /* HealthKit.framework */,
			);
			name = Frameworks;
			sourceTree = "<group>";
		};
/* End PBXGroup section */

/* Begin PBXNativeTarget section */
		DA77DB3A243EFEDD00B0B8A1 /* PomoWalk */ = {
			isa = PBXNativeTarget;
			buildConfigurationList = DA77DB4F243EFEE000B0B8A1 /* Build configuration list for PBXNativeTarget "PomoWalk" */;
			buildPhases = (
				DA77DB37243EFEDD00B0B8A1 /* Sources */,
				DA77DB38243EFEDD00B0B8A1 /* Frameworks */,
				DA77DB39243EFEDD00B0B8A1 /* Resources */,
			);
			buildRules = (
			);
			dependencies = (
			);
			name = PomoWalk;
			productName = PomoWalk;
			productReference = DA77DB3B243EFEDD00B0B8A1 /* PomoWalk.app */;
			productType = "com.apple.product-type.application";
		};
/* End PBXNativeTarget section */

/* Begin PBXProject section */
		DA77DB33243EFEDD00B0B8A1 /* Project object */ = {
			isa = PBXProject;
			attributes = {
				LastSwiftUpdateCheck = 1110;
				LastUpgradeCheck = 1110;
				ORGANIZATIONNAME = dariaS;
				TargetAttributes = {
					DA77DB3A243EFEDD00B0B8A1 = {
						CreatedOnToolsVersion = 11.1;
					};
				};
			};
			buildConfigurationList = DA77DB36243EFEDD00B0B8A1 /* Build configuration list for PBXProject "PomoWalk" */;
			compatibilityVersion = "Xcode 9.3";
			developmentRegion = en;
			hasScannedForEncodings = 0;
			knownRegions = (
				en,
				Base,
				ru,
			);
			mainGroup = DA77DB32243EFEDD00B0B8A1;
			productRefGroup = DA77DB3C243EFEDD00B0B8A1 /* Products */;
			projectDirPath = "";
			projectRoot = "";
			targets = (
				DA77DB3A243EFEDD00B0B8A1 /* PomoWalk */,
			);
		};
/* End PBXProject section */

/* Begin PBXResourcesBuildPhase section */
		DA77DB39243EFEDD00B0B8A1 /* Resources */ = {
			isa = PBXResourcesBuildPhase;
			buildActionMask = 2147483647;
			files = (
				DA02F8A72489665B0087E274 /* spaceship.wav in Resources */,
				DAC7023D24AC876F0039D6C8 /* InfoPlist.strings in Resources */,
				DA77DB4B243EFEE000B0B8A1 /* LaunchScreen.storyboard in Resources */,
				DA77DB48243EFEE000B0B8A1 /* Assets.xcassets in Resources */,
				DA02F8AD2489665B0087E274 /* opening.wav in Resources */,
				DA02F8AA2489665B0087E274 /* jazzy.wav in Resources */,
				DA7DE9A824448BD400407C5C /* Montserrat-Bold.ttf in Resources */,
				DA7DE9BD24474BD600407C5C /* Localizable.strings in Resources */,
				DA7DE9772440E19900407C5C /* SourceCodePro-Black.ttf in Resources */,
				DA02F8A82489665B0087E274 /* bell.wav in Resources */,
				DA02F8AC2489665B0087E274 /* notification.wav in Resources */,
				DA7DE96D2440A7CC00407C5C /* AnonymousPro-Bold.ttf in Resources */,
				DA02F8AB2489665B0087E274 /* cymbal.wav in Resources */,
				DA7DE9A724448BD400407C5C /* Montserrat-SemiBold.ttf in Resources */,
			);
			runOnlyForDeploymentPostprocessing = 0;
		};
/* End PBXResourcesBuildPhase section */

/* Begin PBXSourcesBuildPhase section */
		DA77DB37243EFEDD00B0B8A1 /* Sources */ = {
			isa = PBXSourcesBuildPhase;
			buildActionMask = 2147483647;
			files = (
				DA8721A2249FC50F00547425 /* HistoryHeaderView.swift in Sources */,
				DA02F8B1248A956C0087E274 /* IntervalsManager.swift in Sources */,
				DA7DE96F2440A7F700407C5C /* Fonts.swift in Sources */,
				DA57E1F42497B97900248AD9 /* LabelButtonView.swift in Sources */,
				DA7DE9712440C1EC00407C5C /* Colors.swift in Sources */,
				DAC7023424ABBE940039D6C8 /* CMService.swift in Sources */,
				DA7DE96924409B6800407C5C /* TimerCounterView.swift in Sources */,
				DA57E204249BC54400248AD9 /* BadgeCollectionViewCell.swift in Sources */,
				DA7DE97B2441A67F00407C5C /* extension Date.swift in Sources */,
				DA8721AD24A219CC00547425 /* extension UIViewController.swift in Sources */,
				DA7DE963243F39CE00407C5C /* extension UIView.swift in Sources */,
				DA7DE9C22447563400407C5C /* extension String.swift in Sources */,
				DA7DE9B32445F1FE00407C5C /* ScheduleUnitView.swift in Sources */,
				DA57E200249BB8F100248AD9 /* BadgesViewController.swift in Sources */,
				DA77DB3F243EFEDD00B0B8A1 /* AppDelegate.swift in Sources */,
				DA7DE99F2444474400407C5C /* StepperUnitView.swift in Sources */,
				DA57E208249BC88F00248AD9 /* BadgeView.swift in Sources */,
				DA02F8B3248BCC8F0087E274 /* NotificationsManager.swift in Sources */,
				DA57E1FE249BB66500248AD9 /* extension Int.swift in Sources */,
				DA7DE9B924470BBA00407C5C /* SoundColorSettings.swift in Sources */,
				DAC7024224B0DBCE0039D6C8 /* PolicyContactView.swift in Sources */,
				DA8721AB24A2191500547425 /* extension UITextField.swift in Sources */,
				DAC7024C24B0E1B50039D6C8 /* PolicyViewController.swift in Sources */,
				DA87219C249F512500547425 /* HistoryCoordinator.swift in Sources */,
				DA02F89E24894D5F0087E274 /* Strings.swift in Sources */,
				DA57E206249BC6CA00248AD9 /* BadgesCollectionReusableView.swift in Sources */,
				DA8721A4249FD3EC00547425 /* TasksViewController.swift in Sources */,
				DA7DE9AC2444953E00407C5C /* BaseSettingsView.swift in Sources */,
				DA02F8AF248A94400087E274 /* m_Interval.swift in Sources */,
				DA02F8B5248BDAB70087E274 /* TimerManager.swift in Sources */,
				DA87219E249F516300547425 /* HistoryViewController.swift in Sources */,
				DA8721A724A1094100547425 /* m_Task.swift in Sources */,
				DA7DE9B72445F8E300407C5C /* BaseSettings.swift in Sources */,
				DA57E20A249C957800248AD9 /* m_Badge.swift in Sources */,
				DA8721A0249FB7BE00547425 /* HistoryTableViewCell.swift in Sources */,
				DA7DE9A424447A5E00407C5C /* LabelStepperView.swift in Sources */,
				DA02F8B7248BDF3D0087E274 /* TimerCoordinator.swift in Sources */,
				DA7DE9792440FFB000407C5C /* RoundButton.swift in Sources */,
				DA7DE9AE2444A2FD00407C5C /* LabelSwitchView.swift in Sources */,
				DA7DE9AA24448DA200407C5C /* MainTabBarController.swift in Sources */,
				DA57E1F02497B69D00248AD9 /* MenuTableViewCell.swift in Sources */,
				DABCA61524488D1400682368 /* WeekDayPickerView.swift in Sources */,
				DABCA61324488BC500682368 /* extension Calendar.swift in Sources */,
				DA77DB53243EFF7500B0B8A1 /* MainViewController.swift in Sources */,
				DA7DE9A22444775300407C5C /* protocol SizeAnimatable.swift in Sources */,
				DA57E202249BBC4100248AD9 /* BadgesCoordinator.swift in Sources */,
				DA8721A924A1191200547425 /* p_KeyboardHandler.swift in Sources */,
				DA57E1EE2497B5DD00248AD9 /* MenuView.swift in Sources */,
				DA7DE97D2441ED6900407C5C /* SettingsViewController.swift in Sources */,
				DA57E1F22497B93300248AD9 /* SoundColorSettingsView.swift in Sources */,
			);
			runOnlyForDeploymentPostprocessing = 0;
		};
/* End PBXSourcesBuildPhase section */

/* Begin PBXVariantGroup section */
		DA77DB49243EFEE000B0B8A1 /* LaunchScreen.storyboard */ = {
			isa = PBXVariantGroup;
			children = (
				DA77DB4A243EFEE000B0B8A1 /* Base */,
				DA7DE9BA24474B7300407C5C /* ru */,
			);
			name = LaunchScreen.storyboard;
			sourceTree = "<group>";
		};
		DA7DE9BF24474BD600407C5C /* Localizable.strings */ = {
			isa = PBXVariantGroup;
			children = (
				DA7DE9BE24474BD600407C5C /* en */,
				DA7DE9C024474BD800407C5C /* ru */,
			);
			name = Localizable.strings;
			sourceTree = "<group>";
		};
		DAC7023F24AC876F0039D6C8 /* InfoPlist.strings */ = {
			isa = PBXVariantGroup;
			children = (
				DAC7023E24AC876F0039D6C8 /* en */,
				DAC7024024AC87730039D6C8 /* ru */,
			);
			name = InfoPlist.strings;
			sourceTree = "<group>";
		};
/* End PBXVariantGroup section */

/* Begin XCBuildConfiguration section */
		DA77DB4D243EFEE000B0B8A1 /* Debug */ = {
			isa = XCBuildConfiguration;
			buildSettings = {
				ALWAYS_SEARCH_USER_PATHS = NO;
				CLANG_ANALYZER_LOCALIZABILITY_NONLOCALIZED = YES;
				CLANG_ANALYZER_NONNULL = YES;
				CLANG_ANALYZER_NUMBER_OBJECT_CONVERSION = YES_AGGRESSIVE;
				CLANG_CXX_LANGUAGE_STANDARD = "gnu++14";
				CLANG_CXX_LIBRARY = "libc++";
				CLANG_ENABLE_MODULES = YES;
				CLANG_ENABLE_OBJC_ARC = YES;
				CLANG_ENABLE_OBJC_WEAK = YES;
				CLANG_WARN_BLOCK_CAPTURE_AUTORELEASING = YES;
				CLANG_WARN_BOOL_CONVERSION = YES;
				CLANG_WARN_COMMA = YES;
				CLANG_WARN_CONSTANT_CONVERSION = YES;
				CLANG_WARN_DEPRECATED_OBJC_IMPLEMENTATIONS = YES;
				CLANG_WARN_DIRECT_OBJC_ISA_USAGE = YES_ERROR;
				CLANG_WARN_DOCUMENTATION_COMMENTS = YES;
				CLANG_WARN_EMPTY_BODY = YES;
				CLANG_WARN_ENUM_CONVERSION = YES;
				CLANG_WARN_INFINITE_RECURSION = YES;
				CLANG_WARN_INT_CONVERSION = YES;
				CLANG_WARN_NON_LITERAL_NULL_CONVERSION = YES;
				CLANG_WARN_OBJC_IMPLICIT_RETAIN_SELF = YES;
				CLANG_WARN_OBJC_LITERAL_CONVERSION = YES;
				CLANG_WARN_OBJC_ROOT_CLASS = YES_ERROR;
				CLANG_WARN_RANGE_LOOP_ANALYSIS = YES;
				CLANG_WARN_STRICT_PROTOTYPES = YES;
				CLANG_WARN_SUSPICIOUS_MOVE = YES;
				CLANG_WARN_UNGUARDED_AVAILABILITY = YES_AGGRESSIVE;
				CLANG_WARN_UNREACHABLE_CODE = YES;
				CLANG_WARN__DUPLICATE_METHOD_MATCH = YES;
				COPY_PHASE_STRIP = NO;
				DEBUG_INFORMATION_FORMAT = dwarf;
				ENABLE_STRICT_OBJC_MSGSEND = YES;
				ENABLE_TESTABILITY = YES;
				GCC_C_LANGUAGE_STANDARD = gnu11;
				GCC_DYNAMIC_NO_PIC = NO;
				GCC_NO_COMMON_BLOCKS = YES;
				GCC_OPTIMIZATION_LEVEL = 0;
				GCC_PREPROCESSOR_DEFINITIONS = (
					"DEBUG=1",
					"$(inherited)",
				);
				GCC_WARN_64_TO_32_BIT_CONVERSION = YES;
				GCC_WARN_ABOUT_RETURN_TYPE = YES_ERROR;
				GCC_WARN_UNDECLARED_SELECTOR = YES;
				GCC_WARN_UNINITIALIZED_AUTOS = YES_AGGRESSIVE;
				GCC_WARN_UNUSED_FUNCTION = YES;
				GCC_WARN_UNUSED_VARIABLE = YES;
				IPHONEOS_DEPLOYMENT_TARGET = 11.0;
				MTL_ENABLE_DEBUG_INFO = INCLUDE_SOURCE;
				MTL_FAST_MATH = YES;
				ONLY_ACTIVE_ARCH = YES;
				SDKROOT = iphoneos;
				SWIFT_ACTIVE_COMPILATION_CONDITIONS = DEBUG;
				SWIFT_OPTIMIZATION_LEVEL = "-Onone";
			};
			name = Debug;
		};
		DA77DB4E243EFEE000B0B8A1 /* Release */ = {
			isa = XCBuildConfiguration;
			buildSettings = {
				ALWAYS_SEARCH_USER_PATHS = NO;
				CLANG_ANALYZER_LOCALIZABILITY_NONLOCALIZED = YES;
				CLANG_ANALYZER_NONNULL = YES;
				CLANG_ANALYZER_NUMBER_OBJECT_CONVERSION = YES_AGGRESSIVE;
				CLANG_CXX_LANGUAGE_STANDARD = "gnu++14";
				CLANG_CXX_LIBRARY = "libc++";
				CLANG_ENABLE_MODULES = YES;
				CLANG_ENABLE_OBJC_ARC = YES;
				CLANG_ENABLE_OBJC_WEAK = YES;
				CLANG_WARN_BLOCK_CAPTURE_AUTORELEASING = YES;
				CLANG_WARN_BOOL_CONVERSION = YES;
				CLANG_WARN_COMMA = YES;
				CLANG_WARN_CONSTANT_CONVERSION = YES;
				CLANG_WARN_DEPRECATED_OBJC_IMPLEMENTATIONS = YES;
				CLANG_WARN_DIRECT_OBJC_ISA_USAGE = YES_ERROR;
				CLANG_WARN_DOCUMENTATION_COMMENTS = YES;
				CLANG_WARN_EMPTY_BODY = YES;
				CLANG_WARN_ENUM_CONVERSION = YES;
				CLANG_WARN_INFINITE_RECURSION = YES;
				CLANG_WARN_INT_CONVERSION = YES;
				CLANG_WARN_NON_LITERAL_NULL_CONVERSION = YES;
				CLANG_WARN_OBJC_IMPLICIT_RETAIN_SELF = YES;
				CLANG_WARN_OBJC_LITERAL_CONVERSION = YES;
				CLANG_WARN_OBJC_ROOT_CLASS = YES_ERROR;
				CLANG_WARN_RANGE_LOOP_ANALYSIS = YES;
				CLANG_WARN_STRICT_PROTOTYPES = YES;
				CLANG_WARN_SUSPICIOUS_MOVE = YES;
				CLANG_WARN_UNGUARDED_AVAILABILITY = YES_AGGRESSIVE;
				CLANG_WARN_UNREACHABLE_CODE = YES;
				CLANG_WARN__DUPLICATE_METHOD_MATCH = YES;
				COPY_PHASE_STRIP = NO;
				DEBUG_INFORMATION_FORMAT = "dwarf-with-dsym";
				ENABLE_NS_ASSERTIONS = NO;
				ENABLE_STRICT_OBJC_MSGSEND = YES;
				GCC_C_LANGUAGE_STANDARD = gnu11;
				GCC_NO_COMMON_BLOCKS = YES;
				GCC_WARN_64_TO_32_BIT_CONVERSION = YES;
				GCC_WARN_ABOUT_RETURN_TYPE = YES_ERROR;
				GCC_WARN_UNDECLARED_SELECTOR = YES;
				GCC_WARN_UNINITIALIZED_AUTOS = YES_AGGRESSIVE;
				GCC_WARN_UNUSED_FUNCTION = YES;
				GCC_WARN_UNUSED_VARIABLE = YES;
				IPHONEOS_DEPLOYMENT_TARGET = 11.0;
				MTL_ENABLE_DEBUG_INFO = NO;
				MTL_FAST_MATH = YES;
				SDKROOT = iphoneos;
				SWIFT_COMPILATION_MODE = wholemodule;
				SWIFT_OPTIMIZATION_LEVEL = "-O";
				VALIDATE_PRODUCT = YES;
			};
			name = Release;
		};
		DA77DB50243EFEE000B0B8A1 /* Debug */ = {
			isa = XCBuildConfiguration;
			buildSettings = {
				ASSETCATALOG_COMPILER_APPICON_NAME = AppIcon;
				CODE_SIGN_ENTITLEMENTS = PomoWalk/PomoWalk.entitlements;
				CODE_SIGN_STYLE = Automatic;
				CURRENT_PROJECT_VERSION = 6;
				DEVELOPMENT_TEAM = 9B6XMQ42ZT;
				INFOPLIST_FILE = PomoWalk/Info.plist;
				IPHONEOS_DEPLOYMENT_TARGET = 11.0;
				LD_RUNPATH_SEARCH_PATHS = (
					"$(inherited)",
					"@executable_path/Frameworks",
				);
				PRODUCT_BUNDLE_IDENTIFIER = dariaS.PomoWalk;
				PRODUCT_NAME = "$(TARGET_NAME)";
				SWIFT_VERSION = 5.0;
				TARGETED_DEVICE_FAMILY = 1;
			};
			name = Debug;
		};
		DA77DB51243EFEE000B0B8A1 /* Release */ = {
			isa = XCBuildConfiguration;
			buildSettings = {
				ASSETCATALOG_COMPILER_APPICON_NAME = AppIcon;
				CODE_SIGN_ENTITLEMENTS = PomoWalk/PomoWalk.entitlements;
				CODE_SIGN_STYLE = Automatic;
				CURRENT_PROJECT_VERSION = 6;
				DEVELOPMENT_TEAM = 9B6XMQ42ZT;
				INFOPLIST_FILE = PomoWalk/Info.plist;
				IPHONEOS_DEPLOYMENT_TARGET = 11.0;
				LD_RUNPATH_SEARCH_PATHS = (
					"$(inherited)",
					"@executable_path/Frameworks",
				);
				PRODUCT_BUNDLE_IDENTIFIER = dariaS.PomoWalk;
				PRODUCT_NAME = "$(TARGET_NAME)";
				SWIFT_VERSION = 5.0;
				TARGETED_DEVICE_FAMILY = 1;
			};
			name = Release;
		};
/* End XCBuildConfiguration section */

/* Begin XCConfigurationList section */
		DA77DB36243EFEDD00B0B8A1 /* Build configuration list for PBXProject "PomoWalk" */ = {
			isa = XCConfigurationList;
			buildConfigurations = (
				DA77DB4D243EFEE000B0B8A1 /* Debug */,
				DA77DB4E243EFEE000B0B8A1 /* Release */,
			);
			defaultConfigurationIsVisible = 0;
			defaultConfigurationName = Release;
		};
		DA77DB4F243EFEE000B0B8A1 /* Build configuration list for PBXNativeTarget "PomoWalk" */ = {
			isa = XCConfigurationList;
			buildConfigurations = (
				DA77DB50243EFEE000B0B8A1 /* Debug */,
				DA77DB51243EFEE000B0B8A1 /* Release */,
			);
			defaultConfigurationIsVisible = 0;
			defaultConfigurationName = Release;
		};
/* End XCConfigurationList section */
	};
	rootObject = DA77DB33243EFEDD00B0B8A1 /* Project object */;
}
